# THIS IS AN AUTOGENERATED FILE. DO NOT EDIT THIS FILE DIRECTLY.
# yarn lockfile v1


"@await/event@^1.0.0":
  version "1.0.0"
  resolved "https://registry.yarnpkg.com/@await/event/-/event-1.0.0.tgz#4765abe8f0bd9b9c87bf40701a7758fe1819df40"

"@njudah/asynchronous@9.0.0":
  version "9.0.0"
  resolved "https://registry.yarnpkg.com/@njudah/asynchronous/-/asynchronous-9.0.0.tgz#8224a8d5a235ebb37d7dd7f4c029de57d5ae9f45"

"@njudah/program@9.0.0":
  version "9.0.0"
  resolved "https://registry.yarnpkg.com/@njudah/program/-/program-9.0.0.tgz#6c4f25a76bd9dd7a44cb4fdac4416f161be030da"
